
Microsoft Visual Studio Solution File, Format Version 12.00
# Visual Studio Version 16
VisualStudioVersion = 16.0.30804.86
MinimumVisualStudioVersion = 10.0.40219.1
Project("{FAE04EC0-301F-11D3-BF4B-00C04F79EFBC}") = "Jaka to piosenka", "Jaka to piosenka.csproj", "{68890D44-4185-4F8E-8448-1AFB7EAFF32D}"
EndProject
Global
	GlobalSection(SolutionConfigurationPlatforms) = preSolution
		Debug|Any CPU = Debug|Any CPU
		Release|Any CPU = Release|Any CPU
	EndGlobalSection
	GlobalSection(ProjectConfigurationPlatforms) = postSolution
		{68890D44-4185-4F8E-8448-1AFB7EAFF32D}.Debug|Any CPU.ActiveCfg = Debug|Any CPU
		{68890D44-4185-4F8E-8448-1AFB7EAFF32D}.Debug|Any CPU.Build.0 = Debug|Any CPU
		{68890D44-4185-4F8E-8448-1AFB7EAFF32D}.Debug|Any CPU.Deploy.0 = Debug|Any CPU
		{68890D44-4185-4F8E-8448-1AFB7EAFF32D}.Release|Any CPU.ActiveCfg = Release|Any CPU
		{68890D44-4185-4F8E-8448-1AFB7EAFF32D}.Release|Any CPU.Build.0 = Release|Any CPU
		{68890D44-4185-4F8E-8448-1AFB7EAFF32D}.Release|Any CPU.Deploy.0 = Release|Any CPU
	EndGlobalSection
	GlobalSection(SolutionProperties) = preSolution
		HideSolutionNode = FALSE
	EndGlobalSection
	GlobalSection(ExtensibilityGlobals) = postSolution
		SolutionGuid = {3C21159F-D731-49E0-8B00-ECE18540D6A7}
	EndGlobalSection
EndGlobal
